
Microsoft Visual Studio Solution File, Format Version 12.00
# Visual Studio 14
VisualStudioVersion = 14.0.23107.0
MinimumVisualStudioVersion = 10.0.40219.1
Project("{F184B08F-C81C-45F6-A57F-5ABD9991F28F}") = "Cognate1", "Cognate1\Cognate1.vbproj", "{E9242D04-8961-4271-8B04-F99EF00801AF}"
EndProject
Global
	GlobalSection(SolutionConfigurationPlatforms) = preSolution
		Debug|Any CPU = Debug|Any CPU
		Release|Any CPU = Release|Any CPU
	EndGlobalSection
	GlobalSection(ProjectConfigurationPlatforms) = postSolution
		{E9242D04-8961-4271-8B04-F99EF00801AF}.Debug|Any CPU.ActiveCfg = Debug|Any CPU
		{E9242D04-8961-4271-8B04-F99EF00801AF}.Debug|Any CPU.Build.0 = Debug|Any CPU
		{E9242D04-8961-4271-8B04-F99EF00801AF}.Release|Any CPU.ActiveCfg = Release|Any CPU
		{E9242D04-8961-4271-8B04-F99EF00801AF}.Release|Any CPU.Build.0 = Release|Any CPU
	EndGlobalSection
	GlobalSection(SolutionProperties) = preSolution
		HideSolutionNode = FALSE
	EndGlobalSection
EndGlobal
